
Microsoft Visual Studio Solution File, Format Version 12.00
# Visual Studio Version 17
VisualStudioVersion = 17.3.32929.385
MinimumVisualStudioVersion = 10.0.40219.1
Project("{FAE04EC0-301F-11D3-BF4B-00C04F79EFBC}") = "task", "task\task.csproj", "{EC6DC73D-1D0E-4C36-AD24-1791C412FE2D}"
EndProject
Global
	GlobalSection(SolutionConfigurationPlatforms) = preSolution
		Debug|Any CPU = Debug|Any CPU
		Release|Any CPU = Release|Any CPU
	EndGlobalSection
	GlobalSection(ProjectConfigurationPlatforms) = postSolution
		{EC6DC73D-1D0E-4C36-AD24-1791C412FE2D}.Debug|Any CPU.ActiveCfg = Debug|Any CPU
		{EC6DC73D-1D0E-4C36-AD24-1791C412FE2D}.Debug|Any CPU.Build.0 = Debug|Any CPU
		{EC6DC73D-1D0E-4C36-AD24-1791C412FE2D}.Release|Any CPU.ActiveCfg = Release|Any CPU
		{EC6DC73D-1D0E-4C36-AD24-1791C412FE2D}.Release|Any CPU.Build.0 = Release|Any CPU
	EndGlobalSection
	GlobalSection(SolutionProperties) = preSolution
		HideSolutionNode = FALSE
	EndGlobalSection
	GlobalSection(ExtensibilityGlobals) = postSolution
		SolutionGuid = {B04D9E7A-0EB4-4033-B175-C78EA61C0377}
	EndGlobalSection
EndGlobal
